// !$*UTF8*$!
{
	archiveVersion = 1;
	classes = {
	};
	objectVersion = 56;
	objects = {

/* Begin PBXBuildFile section */
		654B5B4A2BC6E41300F585AD /* PAIRApp.swift in Sources */ = {isa = PBXBuildFile; fileRef = 654B5B492BC6E41300F585AD /* PAIRApp.swift */; };
		654B5B4C2BC6E41300F585AD /* ContentView.swift in Sources */ = {isa = PBXBuildFile; fileRef = 654B5B4B2BC6E41300F585AD /* ContentView.swift */; };
		654B5B4E2BC6E41400F585AD /* Assets.xcassets in Resources */ = {isa = PBXBuildFile; fileRef = 654B5B4D2BC6E41400F585AD /* Assets.xcassets */; };
		654B5B522BC6E41400F585AD /* Preview Assets.xcassets in Resources */ = {isa = PBXBuildFile; fileRef = 654B5B512BC6E41400F585AD /* Preview Assets.xcassets */; };
		654B5B5C2BC6E41400F585AD /* PAIRTests.swift in Sources */ = {isa = PBXBuildFile; fileRef = 654B5B5B2BC6E41400F585AD /* PAIRTests.swift */; };
		654B5B662BC6E41400F585AD /* PAIRUITests.swift in Sources */ = {isa = PBXBuildFile; fileRef = 654B5B652BC6E41400F585AD /* PAIRUITests.swift */; };
		654B5B682BC6E41400F585AD /* PAIRUITestsLaunchTests.swift in Sources */ = {isa = PBXBuildFile; fileRef = 654B5B672BC6E41400F585AD /* PAIRUITestsLaunchTests.swift */; };
		654B5B952BD02AF500F585AD /* Crimson_Text in Resources */ = {isa = PBXBuildFile; fileRef = 654B5B942BD02AF500F585AD /* Crimson_Text */; };
		654B5B972BD02FDB00F585AD /* SortingView.swift in Sources */ = {isa = PBXBuildFile; fileRef = 654B5B962BD02FDB00F585AD /* SortingView.swift */; };
		654B5B992BD0313D00F585AD /* AppDelegate.swift in Sources */ = {isa = PBXBuildFile; fileRef = 654B5B982BD0313D00F585AD /* AppDelegate.swift */; };
		654B5B9B2BD57DA300F585AD /* ScanningModule.swift in Sources */ = {isa = PBXBuildFile; fileRef = 654B5B9A2BD57DA300F585AD /* ScanningModule.swift */; };
		654B5BA02BD59F7100F585AD /* CameraView.swift in Sources */ = {isa = PBXBuildFile; fileRef = 654B5B9F2BD59F7100F585AD /* CameraView.swift */; };
		654B5BA22BD952F500F585AD /* Onboarding.swift in Sources */ = {isa = PBXBuildFile; fileRef = 654B5BA12BD952F500F585AD /* Onboarding.swift */; };
		654B5BA52BD97BEA00F585AD /* ReceiptListView.swift in Sources */ = {isa = PBXBuildFile; fileRef = 654B5BA42BD97BEA00F585AD /* ReceiptListView.swift */; };
		654B5BA82BDF03A600F585AD /* SortingAssets.swift in Sources */ = {isa = PBXBuildFile; fileRef = 654B5BA72BDF03A600F585AD /* SortingAssets.swift */; };
		654B5BAA2BDFF1B000F585AD /* Home.swift in Sources */ = {isa = PBXBuildFile; fileRef = 654B5BA92BDFF1B000F585AD /* Home.swift */; };
		654B5BAF2BDFF2A200F585AD /* Settings.swift in Sources */ = {isa = PBXBuildFile; fileRef = 654B5BAE2BDFF2A200F585AD /* Settings.swift */; };
/* End PBXBuildFile section */

/* Begin PBXContainerItemProxy section */
		654B5B582BC6E41400F585AD /* PBXContainerItemProxy */ = {
			isa = PBXContainerItemProxy;
			containerPortal = 654B5B3E2BC6E41300F585AD /* Project object */;
			proxyType = 1;
			remoteGlobalIDString = 654B5B452BC6E41300F585AD;
			remoteInfo = PAIR;
		};
		654B5B622BC6E41400F585AD /* PBXContainerItemProxy */ = {
			isa = PBXContainerItemProxy;
			containerPortal = 654B5B3E2BC6E41300F585AD /* Project object */;
			proxyType = 1;
			remoteGlobalIDString = 654B5B452BC6E41300F585AD;
			remoteInfo = PAIR;
		};
/* End PBXContainerItemProxy section */

/* Begin PBXFileReference section */
		654B5B462BC6E41300F585AD /* PAIR.app */ = {isa = PBXFileReference; explicitFileType = wrapper.application; includeInIndex = 0; path = PAIR.app; sourceTree = BUILT_PRODUCTS_DIR; };
		654B5B492BC6E41300F585AD /* PAIRApp.swift */ = {isa = PBXFileReference; lastKnownFileType = sourcecode.swift; path = PAIRApp.swift; sourceTree = "<group>"; };
		654B5B4B2BC6E41300F585AD /* ContentView.swift */ = {isa = PBXFileReference; lastKnownFileType = sourcecode.swift; path = ContentView.swift; sourceTree = "<group>"; };
		654B5B4D2BC6E41400F585AD /* Assets.xcassets */ = {isa = PBXFileReference; lastKnownFileType = folder.assetcatalog; path = Assets.xcassets; sourceTree = "<group>"; };
		654B5B4F2BC6E41400F585AD /* PAIR.entitlements */ = {isa = PBXFileReference; lastKnownFileType = text.plist.entitlements; path = PAIR.entitlements; sourceTree = "<group>"; };
		654B5B512BC6E41400F585AD /* Preview Assets.xcassets */ = {isa = PBXFileReference; lastKnownFileType = folder.assetcatalog; path = "Preview Assets.xcassets"; sourceTree = "<group>"; };
		654B5B572BC6E41400F585AD /* PAIRTests.xctest */ = {isa = PBXFileReference; explicitFileType = wrapper.cfbundle; includeInIndex = 0; path = PAIRTests.xctest; sourceTree = BUILT_PRODUCTS_DIR; };
		654B5B5B2BC6E41400F585AD /* PAIRTests.swift */ = {isa = PBXFileReference; lastKnownFileType = sourcecode.swift; path = PAIRTests.swift; sourceTree = "<group>"; };
		654B5B612BC6E41400F585AD /* PAIRUITests.xctest */ = {isa = PBXFileReference; explicitFileType = wrapper.cfbundle; includeInIndex = 0; path = PAIRUITests.xctest; sourceTree = BUILT_PRODUCTS_DIR; };
		654B5B652BC6E41400F585AD /* PAIRUITests.swift */ = {isa = PBXFileReference; lastKnownFileType = sourcecode.swift; path = PAIRUITests.swift; sourceTree = "<group>"; };
		654B5B672BC6E41400F585AD /* PAIRUITestsLaunchTests.swift */ = {isa = PBXFileReference; lastKnownFileType = sourcecode.swift; path = PAIRUITestsLaunchTests.swift; sourceTree = "<group>"; };
		654B5B832BD0262A00F585AD /* Info.plist */ = {isa = PBXFileReference; lastKnownFileType = text.plist; path = Info.plist; sourceTree = "<group>"; };
		654B5B942BD02AF500F585AD /* Crimson_Text */ = {isa = PBXFileReference; lastKnownFileType = folder; path = Crimson_Text; sourceTree = "<group>"; };
		654B5B962BD02FDB00F585AD /* SortingView.swift */ = {isa = PBXFileReference; lastKnownFileType = sourcecode.swift; path = SortingView.swift; sourceTree = "<group>"; };
		654B5B982BD0313D00F585AD /* AppDelegate.swift */ = {isa = PBXFileReference; lastKnownFileType = sourcecode.swift; path = AppDelegate.swift; sourceTree = "<group>"; };
		654B5B9A2BD57DA300F585AD /* ScanningModule.swift */ = {isa = PBXFileReference; lastKnownFileType = sourcecode.swift; path = ScanningModule.swift; sourceTree = "<group>"; };
		654B5B9F2BD59F7100F585AD /* CameraView.swift */ = {isa = PBXFileReference; lastKnownFileType = sourcecode.swift; path = CameraView.swift; sourceTree = "<group>"; };
		654B5BA12BD952F500F585AD /* Onboarding.swift */ = {isa = PBXFileReference; lastKnownFileType = sourcecode.swift; path = Onboarding.swift; sourceTree = "<group>"; };
		654B5BA42BD97BEA00F585AD /* ReceiptListView.swift */ = {isa = PBXFileReference; lastKnownFileType = sourcecode.swift; path = ReceiptListView.swift; sourceTree = "<group>"; };
		654B5BA72BDF03A600F585AD /* SortingAssets.swift */ = {isa = PBXFileReference; lastKnownFileType = sourcecode.swift; path = SortingAssets.swift; sourceTree = "<group>"; };
		654B5BA92BDFF1B000F585AD /* Home.swift */ = {isa = PBXFileReference; lastKnownFileType = sourcecode.swift; path = Home.swift; sourceTree = "<group>"; };
		654B5BAE2BDFF2A200F585AD /* Settings.swift */ = {isa = PBXFileReference; lastKnownFileType = sourcecode.swift; path = Settings.swift; sourceTree = "<group>"; };
/* End PBXFileReference section */

/* Begin PBXFrameworksBuildPhase section */
		654B5B432BC6E41300F585AD /* Frameworks */ = {
			isa = PBXFrameworksBuildPhase;
			buildActionMask = 2147483647;
			files = (
			);
			runOnlyForDeploymentPostprocessing = 0;
		};
		654B5B542BC6E41400F585AD /* Frameworks */ = {
			isa = PBXFrameworksBuildPhase;
			buildActionMask = 2147483647;
			files = (
			);
			runOnlyForDeploymentPostprocessing = 0;
		};
		654B5B5E2BC6E41400F585AD /* Frameworks */ = {
			isa = PBXFrameworksBuildPhase;
			buildActionMask = 2147483647;
			files = (
			);
			runOnlyForDeploymentPostprocessing = 0;
		};
/* End PBXFrameworksBuildPhase section */

/* Begin PBXGroup section */
		654B5B3D2BC6E41300F585AD = {
			isa = PBXGroup;
			children = (
				654B5B482BC6E41300F585AD /* PAIR */,
				654B5B5A2BC6E41400F585AD /* PAIRTests */,
				654B5B642BC6E41400F585AD /* PAIRUITests */,
				654B5B472BC6E41300F585AD /* Products */,
			);
			sourceTree = "<group>";
		};
		654B5B472BC6E41300F585AD /* Products */ = {
			isa = PBXGroup;
			children = (
				654B5B462BC6E41300F585AD /* PAIR.app */,
				654B5B572BC6E41400F585AD /* PAIRTests.xctest */,
				654B5B612BC6E41400F585AD /* PAIRUITests.xctest */,
			);
			name = Products;
			sourceTree = "<group>";
		};
		654B5B482BC6E41300F585AD /* PAIR */ = {
			isa = PBXGroup;
			children = (
				654B5B832BD0262A00F585AD /* Info.plist */,
				654B5B942BD02AF500F585AD /* Crimson_Text */,
				654B5B492BC6E41300F585AD /* PAIRApp.swift */,
				654B5B982BD0313D00F585AD /* AppDelegate.swift */,
				654B5BA12BD952F500F585AD /* Onboarding.swift */,
				654B5B4B2BC6E41300F585AD /* ContentView.swift */,
				654B5BA62BD97C1300F585AD /* HomeTab */,
				654B5BA32BD97BD100F585AD /* ReceiptsTab */,
				654B5BAB2BDFF24D00F585AD /* SettingsTab */,
				654B5B4D2BC6E41400F585AD /* Assets.xcassets */,
				654B5B4F2BC6E41400F585AD /* PAIR.entitlements */,
				654B5B502BC6E41400F585AD /* Preview Content */,
			);
			path = PAIR;
			sourceTree = "<group>";
		};
		654B5B502BC6E41400F585AD /* Preview Content */ = {
			isa = PBXGroup;
			children = (
				654B5B512BC6E41400F585AD /* Preview Assets.xcassets */,
			);
			path = "Preview Content";
			sourceTree = "<group>";
		};
		654B5B5A2BC6E41400F585AD /* PAIRTests */ = {
			isa = PBXGroup;
			children = (
				654B5B5B2BC6E41400F585AD /* PAIRTests.swift */,
			);
			path = PAIRTests;
			sourceTree = "<group>";
		};
		654B5B642BC6E41400F585AD /* PAIRUITests */ = {
			isa = PBXGroup;
			children = (
				654B5B652BC6E41400F585AD /* PAIRUITests.swift */,
				654B5B672BC6E41400F585AD /* PAIRUITestsLaunchTests.swift */,
			);
			path = PAIRUITests;
			sourceTree = "<group>";
		};
		654B5B9C2BD5829F00F585AD /* Scanning */ = {
			isa = PBXGroup;
			children = (
				654B5B9F2BD59F7100F585AD /* CameraView.swift */,
				654B5B9A2BD57DA300F585AD /* ScanningModule.swift */,
			);
			path = Scanning;
			sourceTree = "<group>";
		};
		654B5BA32BD97BD100F585AD /* ReceiptsTab */ = {
			isa = PBXGroup;
			children = (
				654B5B9C2BD5829F00F585AD /* Scanning */,
				654B5BA42BD97BEA00F585AD /* ReceiptListView.swift */,
				654B5B962BD02FDB00F585AD /* SortingView.swift */,
				654B5BA72BDF03A600F585AD /* SortingAssets.swift */,
			);
			path = ReceiptsTab;
			sourceTree = "<group>";
		};
		654B5BA62BD97C1300F585AD /* HomeTab */ = {
			isa = PBXGroup;
			children = (
				654B5BA92BDFF1B000F585AD /* Home.swift */,
			);
			path = HomeTab;
			sourceTree = "<group>";
		};
		654B5BAB2BDFF24D00F585AD /* SettingsTab */ = {
			isa = PBXGroup;
			children = (
				654B5BAE2BDFF2A200F585AD /* Settings.swift */,
			);
			path = SettingsTab;
			sourceTree = "<group>";
		};
/* End PBXGroup section */

/* Begin PBXNativeTarget section */
		654B5B452BC6E41300F585AD /* PAIR */ = {
			isa = PBXNativeTarget;
			buildConfigurationList = 654B5B6B2BC6E41400F585AD /* Build configuration list for PBXNativeTarget "PAIR" */;
			buildPhases = (
				654B5B422BC6E41300F585AD /* Sources */,
				654B5B432BC6E41300F585AD /* Frameworks */,
				654B5B442BC6E41300F585AD /* Resources */,
			);
			buildRules = (
			);
			dependencies = (
			);
			name = PAIR;
			productName = PAIR;
			productReference = 654B5B462BC6E41300F585AD /* PAIR.app */;
			productType = "com.apple.product-type.application";
		};
		654B5B562BC6E41400F585AD /* PAIRTests */ = {
			isa = PBXNativeTarget;
			buildConfigurationList = 654B5B6E2BC6E41400F585AD /* Build configuration list for PBXNativeTarget "PAIRTests" */;
			buildPhases = (
				654B5B532BC6E41400F585AD /* Sources */,
				654B5B542BC6E41400F585AD /* Frameworks */,
				654B5B552BC6E41400F585AD /* Resources */,
			);
			buildRules = (
			);
			dependencies = (
				654B5B592BC6E41400F585AD /* PBXTargetDependency */,
			);
			name = PAIRTests;
			productName = PAIRTests;
			productReference = 654B5B572BC6E41400F585AD /* PAIRTests.xctest */;
			productType = "com.apple.product-type.bundle.unit-test";
		};
		654B5B602BC6E41400F585AD /* PAIRUITests */ = {
			isa = PBXNativeTarget;
			buildConfigurationList = 654B5B712BC6E41400F585AD /* Build configuration list for PBXNativeTarget "PAIRUITests" */;
			buildPhases = (
				654B5B5D2BC6E41400F585AD /* Sources */,
				654B5B5E2BC6E41400F585AD /* Frameworks */,
				654B5B5F2BC6E41400F585AD /* Resources */,
			);
			buildRules = (
			);
			dependencies = (
				654B5B632BC6E41400F585AD /* PBXTargetDependency */,
			);
			name = PAIRUITests;
			productName = PAIRUITests;
			productReference = 654B5B612BC6E41400F585AD /* PAIRUITests.xctest */;
			productType = "com.apple.product-type.bundle.ui-testing";
		};
/* End PBXNativeTarget section */

/* Begin PBXProject section */
		654B5B3E2BC6E41300F585AD /* Project object */ = {
			isa = PBXProject;
			attributes = {
				BuildIndependentTargetsInParallel = 1;
				LastSwiftUpdateCheck = 1530;
				LastUpgradeCheck = 1530;
				TargetAttributes = {
					654B5B452BC6E41300F585AD = {
						CreatedOnToolsVersion = 15.3;
					};
					654B5B562BC6E41400F585AD = {
						CreatedOnToolsVersion = 15.3;
						TestTargetID = 654B5B452BC6E41300F585AD;
					};
					654B5B602BC6E41400F585AD = {
						CreatedOnToolsVersion = 15.3;
						TestTargetID = 654B5B452BC6E41300F585AD;
					};
				};
			};
			buildConfigurationList = 654B5B412BC6E41300F585AD /* Build configuration list for PBXProject "PAIR" */;
			compatibilityVersion = "Xcode 14.0";
			developmentRegion = en;
			hasScannedForEncodings = 0;
			knownRegions = (
				en,
				Base,
			);
			mainGroup = 654B5B3D2BC6E41300F585AD;
			productRefGroup = 654B5B472BC6E41300F585AD /* Products */;
			projectDirPath = "";
			projectRoot = "";
			targets = (
				654B5B452BC6E41300F585AD /* PAIR */,
				654B5B562BC6E41400F585AD /* PAIRTests */,
				654B5B602BC6E41400F585AD /* PAIRUITests */,
			);
		};
/* End PBXProject section */

/* Begin PBXResourcesBuildPhase section */
		654B5B442BC6E41300F585AD /* Resources */ = {
			isa = PBXResourcesBuildPhase;
			buildActionMask = 2147483647;
			files = (
				654B5B952BD02AF500F585AD /* Crimson_Text in Resources */,
				654B5B522BC6E41400F585AD /* Preview Assets.xcassets in Resources */,
				654B5B4E2BC6E41400F585AD /* Assets.xcassets in Resources */,
			);
			runOnlyForDeploymentPostprocessing = 0;
		};
		654B5B552BC6E41400F585AD /* Resources */ = {
			isa = PBXResourcesBuildPhase;
			buildActionMask = 2147483647;
			files = (
			);
			runOnlyForDeploymentPostprocessing = 0;
		};
		654B5B5F2BC6E41400F585AD /* Resources */ = {
			isa = PBXResourcesBuildPhase;
			buildActionMask = 2147483647;
			files = (
			);
			runOnlyForDeploymentPostprocessing = 0;
		};
/* End PBXResourcesBuildPhase section */

/* Begin PBXSourcesBuildPhase section */
		654B5B422BC6E41300F585AD /* Sources */ = {
			isa = PBXSourcesBuildPhase;
			buildActionMask = 2147483647;
			files = (
				654B5B992BD0313D00F585AD /* AppDelegate.swift in Sources */,
				654B5BA82BDF03A600F585AD /* SortingAssets.swift in Sources */,
				654B5BAA2BDFF1B000F585AD /* Home.swift in Sources */,
				654B5BA52BD97BEA00F585AD /* ReceiptListView.swift in Sources */,
				654B5BA02BD59F7100F585AD /* CameraView.swift in Sources */,
				654B5B4C2BC6E41300F585AD /* ContentView.swift in Sources */,
				654B5B4A2BC6E41300F585AD /* PAIRApp.swift in Sources */,
				654B5B9B2BD57DA300F585AD /* ScanningModule.swift in Sources */,
				654B5BA22BD952F500F585AD /* Onboarding.swift in Sources */,
				654B5BAF2BDFF2A200F585AD /* Settings.swift in Sources */,
				654B5B972BD02FDB00F585AD /* SortingView.swift in Sources */,
			);
			runOnlyForDeploymentPostprocessing = 0;
		};
		654B5B532BC6E41400F585AD /* Sources */ = {
			isa = PBXSourcesBuildPhase;
			buildActionMask = 2147483647;
			files = (
				654B5B5C2BC6E41400F585AD /* PAIRTests.swift in Sources */,
			);
			runOnlyForDeploymentPostprocessing = 0;
		};
		654B5B5D2BC6E41400F585AD /* Sources */ = {
			isa = PBXSourcesBuildPhase;
			buildActionMask = 2147483647;
			files = (
				654B5B682BC6E41400F585AD /* PAIRUITestsLaunchTests.swift in Sources */,
				654B5B662BC6E41400F585AD /* PAIRUITests.swift in Sources */,
			);
			runOnlyForDeploymentPostprocessing = 0;
		};
/* End PBXSourcesBuildPhase section */

/* Begin PBXTargetDependency section */
		654B5B592BC6E41400F585AD /* PBXTargetDependency */ = {
			isa = PBXTargetDependency;
			target = 654B5B452BC6E41300F585AD /* PAIR */;
			targetProxy = 654B5B582BC6E41400F585AD /* PBXContainerItemProxy */;
		};
		654B5B632BC6E41400F585AD /* PBXTargetDependency */ = {
			isa = PBXTargetDependency;
			target = 654B5B452BC6E41300F585AD /* PAIR */;
			targetProxy = 654B5B622BC6E41400F585AD /* PBXContainerItemProxy */;
		};
/* End PBXTargetDependency section */

/* Begin XCBuildConfiguration section */
		654B5B692BC6E41400F585AD /* Debug */ = {
			isa = XCBuildConfiguration;
			buildSettings = {
				ALWAYS_SEARCH_USER_PATHS = NO;
				ASSETCATALOG_COMPILER_GENERATE_SWIFT_ASSET_SYMBOL_EXTENSIONS = YES;
				CLANG_ANALYZER_NONNULL = YES;
				CLANG_ANALYZER_NUMBER_OBJECT_CONVERSION = YES_AGGRESSIVE;
				CLANG_CXX_LANGUAGE_STANDARD = "gnu++20";
				CLANG_ENABLE_MODULES = YES;
				CLANG_ENABLE_OBJC_ARC = YES;
				CLANG_ENABLE_OBJC_WEAK = YES;
				CLANG_WARN_BLOCK_CAPTURE_AUTORELEASING = YES;
				CLANG_WARN_BOOL_CONVERSION = YES;
				CLANG_WARN_COMMA = YES;
				CLANG_WARN_CONSTANT_CONVERSION = YES;
				CLANG_WARN_DEPRECATED_OBJC_IMPLEMENTATIONS = YES;
				CLANG_WARN_DIRECT_OBJC_ISA_USAGE = YES_ERROR;
				CLANG_WARN_DOCUMENTATION_COMMENTS = YES;
				CLANG_WARN_EMPTY_BODY = YES;
				CLANG_WARN_ENUM_CONVERSION = YES;
				CLANG_WARN_INFINITE_RECURSION = YES;
				CLANG_WARN_INT_CONVERSION = YES;
				CLANG_WARN_NON_LITERAL_NULL_CONVERSION = YES;
				CLANG_WARN_OBJC_IMPLICIT_RETAIN_SELF = YES;
				CLANG_WARN_OBJC_LITERAL_CONVERSION = YES;
				CLANG_WARN_OBJC_ROOT_CLASS = YES_ERROR;
				CLANG_WARN_QUOTED_INCLUDE_IN_FRAMEWORK_HEADER = YES;
				CLANG_WARN_RANGE_LOOP_ANALYSIS = YES;
				CLANG_WARN_STRICT_PROTOTYPES = YES;
				CLANG_WARN_SUSPICIOUS_MOVE = YES;
				CLANG_WARN_UNGUARDED_AVAILABILITY = YES_AGGRESSIVE;
				CLANG_WARN_UNREACHABLE_CODE = YES;
				CLANG_WARN__DUPLICATE_METHOD_MATCH = YES;
				COPY_PHASE_STRIP = NO;
				DEBUG_INFORMATION_FORMAT = dwarf;
				ENABLE_STRICT_OBJC_MSGSEND = YES;
				ENABLE_TESTABILITY = YES;
				ENABLE_USER_SCRIPT_SANDBOXING = YES;
				GCC_C_LANGUAGE_STANDARD = gnu17;
				GCC_DYNAMIC_NO_PIC = NO;
				GCC_NO_COMMON_BLOCKS = YES;
				GCC_OPTIMIZATION_LEVEL = 0;
				GCC_PREPROCESSOR_DEFINITIONS = (
					"DEBUG=1",
					"$(inherited)",
				);
				GCC_WARN_64_TO_32_BIT_CONVERSION = YES;
				GCC_WARN_ABOUT_RETURN_TYPE = YES_ERROR;
				GCC_WARN_UNDECLARED_SELECTOR = YES;
				GCC_WARN_UNINITIALIZED_AUTOS = YES_AGGRESSIVE;
				GCC_WARN_UNUSED_FUNCTION = YES;
				GCC_WARN_UNUSED_VARIABLE = YES;
				LOCALIZATION_PREFERS_STRING_CATALOGS = YES;
				MTL_ENABLE_DEBUG_INFO = INCLUDE_SOURCE;
				MTL_FAST_MATH = YES;
				ONLY_ACTIVE_ARCH = YES;
				SWIFT_ACTIVE_COMPILATION_CONDITIONS = "DEBUG $(inherited)";
				SWIFT_OPTIMIZATION_LEVEL = "-Onone";
			};
			name = Debug;
		};
		654B5B6A2BC6E41400F585AD /* Release */ = {
			isa = XCBuildConfiguration;
			buildSettings = {
				ALWAYS_SEARCH_USER_PATHS = NO;
				ASSETCATALOG_COMPILER_GENERATE_SWIFT_ASSET_SYMBOL_EXTENSIONS = YES;
				CLANG_ANALYZER_NONNULL = YES;
				CLANG_ANALYZER_NUMBER_OBJECT_CONVERSION = YES_AGGRESSIVE;
				CLANG_CXX_LANGUAGE_STANDARD = "gnu++20";
				CLANG_ENABLE_MODULES = YES;
				CLANG_ENABLE_OBJC_ARC = YES;
				CLANG_ENABLE_OBJC_WEAK = YES;
				CLANG_WARN_BLOCK_CAPTURE_AUTORELEASING = YES;
				CLANG_WARN_BOOL_CONVERSION = YES;
				CLANG_WARN_COMMA = YES;
				CLANG_WARN_CONSTANT_CONVERSION = YES;
				CLANG_WARN_DEPRECATED_OBJC_IMPLEMENTATIONS = YES;
				CLANG_WARN_DIRECT_OBJC_ISA_USAGE = YES_ERROR;
				CLANG_WARN_DOCUMENTATION_COMMENTS = YES;
				CLANG_WARN_EMPTY_BODY = YES;
				CLANG_WARN_ENUM_CONVERSION = YES;
				CLANG_WARN_INFINITE_RECURSION = YES;
				CLANG_WARN_INT_CONVERSION = YES;
				CLANG_WARN_NON_LITERAL_NULL_CONVERSION = YES;
				CLANG_WARN_OBJC_IMPLICIT_RETAIN_SELF = YES;
				CLANG_WARN_OBJC_LITERAL_CONVERSION = YES;
				CLANG_WARN_OBJC_ROOT_CLASS = YES_ERROR;
				CLANG_WARN_QUOTED_INCLUDE_IN_FRAMEWORK_HEADER = YES;
				CLANG_WARN_RANGE_LOOP_ANALYSIS = YES;
				CLANG_WARN_STRICT_PROTOTYPES = YES;
				CLANG_WARN_SUSPICIOUS_MOVE = YES;
				CLANG_WARN_UNGUARDED_AVAILABILITY = YES_AGGRESSIVE;
				CLANG_WARN_UNREACHABLE_CODE = YES;
				CLANG_WARN__DUPLICATE_METHOD_MATCH = YES;
				COPY_PHASE_STRIP = NO;
				DEBUG_INFORMATION_FORMAT = "dwarf-with-dsym";
				ENABLE_NS_ASSERTIONS = NO;
				ENABLE_STRICT_OBJC_MSGSEND = YES;
				ENABLE_USER_SCRIPT_SANDBOXING = YES;
				GCC_C_LANGUAGE_STANDARD = gnu17;
				GCC_NO_COMMON_BLOCKS = YES;
				GCC_WARN_64_TO_32_BIT_CONVERSION = YES;
				GCC_WARN_ABOUT_RETURN_TYPE = YES_ERROR;
				GCC_WARN_UNDECLARED_SELECTOR = YES;
				GCC_WARN_UNINITIALIZED_AUTOS = YES_AGGRESSIVE;
				GCC_WARN_UNUSED_FUNCTION = YES;
				GCC_WARN_UNUSED_VARIABLE = YES;
				LOCALIZATION_PREFERS_STRING_CATALOGS = YES;
				MTL_ENABLE_DEBUG_INFO = NO;
				MTL_FAST_MATH = YES;
				SWIFT_COMPILATION_MODE = wholemodule;
			};
			name = Release;
		};
		654B5B6C2BC6E41400F585AD /* Debug */ = {
			isa = XCBuildConfiguration;
			buildSettings = {
				ASSETCATALOG_COMPILER_APPICON_NAME = AppIcon;
				ASSETCATALOG_COMPILER_GLOBAL_ACCENT_COLOR_NAME = AccentColor;
				CODE_SIGN_ENTITLEMENTS = PAIR/PAIR.entitlements;
				CODE_SIGN_STYLE = Automatic;
				CURRENT_PROJECT_VERSION = 1;
				DEVELOPMENT_ASSET_PATHS = "\"PAIR/Preview Content\"";
				DEVELOPMENT_TEAM = 9RXLVFR6Q9;
				ENABLE_HARDENED_RUNTIME = YES;
				ENABLE_PREVIEWS = YES;
				GENERATE_INFOPLIST_FILE = YES;
				INFOPLIST_FILE = PAIR/Info.plist;
				"INFOPLIST_KEY_UIApplicationSceneManifest_Generation[sdk=iphoneos*]" = YES;
				"INFOPLIST_KEY_UIApplicationSceneManifest_Generation[sdk=iphonesimulator*]" = YES;
				"INFOPLIST_KEY_UIApplicationSupportsIndirectInputEvents[sdk=iphoneos*]" = YES;
				"INFOPLIST_KEY_UIApplicationSupportsIndirectInputEvents[sdk=iphonesimulator*]" = YES;
				"INFOPLIST_KEY_UILaunchScreen_Generation[sdk=iphoneos*]" = YES;
				"INFOPLIST_KEY_UILaunchScreen_Generation[sdk=iphonesimulator*]" = YES;
				"INFOPLIST_KEY_UIStatusBarStyle[sdk=iphoneos*]" = UIStatusBarStyleDefault;
				"INFOPLIST_KEY_UIStatusBarStyle[sdk=iphonesimulator*]" = UIStatusBarStyleDefault;
				INFOPLIST_KEY_UISupportedInterfaceOrientations = UIInterfaceOrientationPortrait;
				INFOPLIST_KEY_UISupportedInterfaceOrientations_iPad = "UIInterfaceOrientationLandscapeLeft UIInterfaceOrientationLandscapeRight UIInterfaceOrientationPortrait UIInterfaceOrientationPortraitUpsideDown";
				IPHONEOS_DEPLOYMENT_TARGET = 17.0;
				LD_RUNPATH_SEARCH_PATHS = "@executable_path/Frameworks";
				"LD_RUNPATH_SEARCH_PATHS[sdk=macosx*]" = "@executable_path/../Frameworks";
				MACOSX_DEPLOYMENT_TARGET = 14.4;
				MARKETING_VERSION = 1.0;
				PRODUCT_BUNDLE_IDENTIFIER = "PAIR-APP.PAIR";
				PRODUCT_NAME = "$(TARGET_NAME)";
				SDKROOT = auto;
				SUPPORTED_PLATFORMS = "iphoneos iphonesimulator";
				SUPPORTS_MACCATALYST = NO;
				SWIFT_EMIT_LOC_STRINGS = YES;
				SWIFT_VERSION = 5.0;
				TARGETED_DEVICE_FAMILY = 1;
			};
			name = Debug;
		};
		654B5B6D2BC6E41400F585AD /* Release */ = {
			isa = XCBuildConfiguration;
			buildSettings = {
				ASSETCATALOG_COMPILER_APPICON_NAME = AppIcon;
				ASSETCATALOG_COMPILER_GLOBAL_ACCENT_COLOR_NAME = AccentColor;
				CODE_SIGN_ENTITLEMENTS = PAIR/PAIR.entitlements;
				CODE_SIGN_STYLE = Automatic;
				CURRENT_PROJECT_VERSION = 1;
				DEVELOPMENT_ASSET_PATHS = "\"PAIR/Preview Content\"";
				DEVELOPMENT_TEAM = 9RXLVFR6Q9;
				ENABLE_HARDENED_RUNTIME = YES;
				ENABLE_PREVIEWS = YES;
				GENERATE_INFOPLIST_FILE = YES;
				INFOPLIST_FILE = PAIR/Info.plist;
				"INFOPLIST_KEY_UIApplicationSceneManifest_Generation[sdk=iphoneos*]" = YES;
				"INFOPLIST_KEY_UIApplicationSceneManifest_Generation[sdk=iphonesimulator*]" = YES;
				"INFOPLIST_KEY_UIApplicationSupportsIndirectInputEvents[sdk=iphoneos*]" = YES;
				"INFOPLIST_KEY_UIApplicationSupportsIndirectInputEvents[sdk=iphonesimulator*]" = YES;
				"INFOPLIST_KEY_UILaunchScreen_Generation[sdk=iphoneos*]" = YES;
				"INFOPLIST_KEY_UILaunchScreen_Generation[sdk=iphonesimulator*]" = YES;
				"INFOPLIST_KEY_UIStatusBarStyle[sdk=iphoneos*]" = UIStatusBarStyleDefault;
				"INFOPLIST_KEY_UIStatusBarStyle[sdk=iphonesimulator*]" = UIStatusBarStyleDefault;
				INFOPLIST_KEY_UISupportedInterfaceOrientations = UIInterfaceOrientationPortrait;
				INFOPLIST_KEY_UISupportedInterfaceOrientations_iPad = "UIInterfaceOrientationLandscapeLeft UIInterfaceOrientationLandscapeRight UIInterfaceOrientationPortrait UIInterfaceOrientationPortraitUpsideDown";
				IPHONEOS_DEPLOYMENT_TARGET = 17.0;
				LD_RUNPATH_SEARCH_PATHS = "@executable_path/Frameworks";
				"LD_RUNPATH_SEARCH_PATHS[sdk=macosx*]" = "@executable_path/../Frameworks";
				MACOSX_DEPLOYMENT_TARGET = 14.4;
				MARKETING_VERSION = 1.0;
				PRODUCT_BUNDLE_IDENTIFIER = "PAIR-APP.PAIR";
				PRODUCT_NAME = "$(TARGET_NAME)";
				SDKROOT = auto;
				SUPPORTED_PLATFORMS = "iphoneos iphonesimulator";
				SUPPORTS_MACCATALYST = NO;
				SWIFT_EMIT_LOC_STRINGS = YES;
				SWIFT_VERSION = 5.0;
				TARGETED_DEVICE_FAMILY = 1;
			};
			name = Release;
		};
		654B5B6F2BC6E41400F585AD /* Debug */ = {
			isa = XCBuildConfiguration;
			buildSettings = {
				ALWAYS_EMBED_SWIFT_STANDARD_LIBRARIES = YES;
				BUNDLE_LOADER = "$(TEST_HOST)";
				CODE_SIGN_STYLE = Automatic;
				CURRENT_PROJECT_VERSION = 1;
				DEVELOPMENT_TEAM = 9RXLVFR6Q9;
				GENERATE_INFOPLIST_FILE = YES;
				IPHONEOS_DEPLOYMENT_TARGET = 17.4;
				MACOSX_DEPLOYMENT_TARGET = 14.4;
				MARKETING_VERSION = 1.0;
				PRODUCT_BUNDLE_IDENTIFIER = PAIR.PAIRTests;
				PRODUCT_NAME = "$(TARGET_NAME)";
				SDKROOT = auto;
				SUPPORTED_PLATFORMS = "iphoneos iphonesimulator macosx";
				SWIFT_EMIT_LOC_STRINGS = NO;
				SWIFT_VERSION = 5.0;
				TARGETED_DEVICE_FAMILY = "1,2";
				TEST_HOST = "$(BUILT_PRODUCTS_DIR)/PAIR.app/$(BUNDLE_EXECUTABLE_FOLDER_PATH)/PAIR";
			};
			name = Debug;
		};
		654B5B702BC6E41400F585AD /* Release */ = {
			isa = XCBuildConfiguration;
			buildSettings = {
				ALWAYS_EMBED_SWIFT_STANDARD_LIBRARIES = YES;
				BUNDLE_LOADER = "$(TEST_HOST)";
				CODE_SIGN_STYLE = Automatic;
				CURRENT_PROJECT_VERSION = 1;
				DEVELOPMENT_TEAM = 9RXLVFR6Q9;
				GENERATE_INFOPLIST_FILE = YES;
				IPHONEOS_DEPLOYMENT_TARGET = 17.4;
				MACOSX_DEPLOYMENT_TARGET = 14.4;
				MARKETING_VERSION = 1.0;
				PRODUCT_BUNDLE_IDENTIFIER = PAIR.PAIRTests;
				PRODUCT_NAME = "$(TARGET_NAME)";
				SDKROOT = auto;
				SUPPORTED_PLATFORMS = "iphoneos iphonesimulator macosx";
				SWIFT_EMIT_LOC_STRINGS = NO;
				SWIFT_VERSION = 5.0;
				TARGETED_DEVICE_FAMILY = "1,2";
				TEST_HOST = "$(BUILT_PRODUCTS_DIR)/PAIR.app/$(BUNDLE_EXECUTABLE_FOLDER_PATH)/PAIR";
			};
			name = Release;
		};
		654B5B722BC6E41400F585AD /* Debug */ = {
			isa = XCBuildConfiguration;
			buildSettings = {
				ALWAYS_EMBED_SWIFT_STANDARD_LIBRARIES = YES;
				CODE_SIGN_STYLE = Automatic;
				CURRENT_PROJECT_VERSION = 1;
				DEVELOPMENT_TEAM = 9RXLVFR6Q9;
				GENERATE_INFOPLIST_FILE = YES;
				IPHONEOS_DEPLOYMENT_TARGET = 17.4;
				MACOSX_DEPLOYMENT_TARGET = 14.4;
				MARKETING_VERSION = 1.0;
				PRODUCT_BUNDLE_IDENTIFIER = PAIR.PAIRUITests;
				PRODUCT_NAME = "$(TARGET_NAME)";
				SDKROOT = auto;
				SUPPORTED_PLATFORMS = "iphoneos iphonesimulator macosx";
				SWIFT_EMIT_LOC_STRINGS = NO;
				SWIFT_VERSION = 5.0;
				TARGETED_DEVICE_FAMILY = "1,2";
				TEST_TARGET_NAME = PAIR;
			};
			name = Debug;
		};
		654B5B732BC6E41400F585AD /* Release */ = {
			isa = XCBuildConfiguration;
			buildSettings = {
				ALWAYS_EMBED_SWIFT_STANDARD_LIBRARIES = YES;
				CODE_SIGN_STYLE = Automatic;
				CURRENT_PROJECT_VERSION = 1;
				DEVELOPMENT_TEAM = 9RXLVFR6Q9;
				GENERATE_INFOPLIST_FILE = YES;
				IPHONEOS_DEPLOYMENT_TARGET = 17.4;
				MACOSX_DEPLOYMENT_TARGET = 14.4;
				MARKETING_VERSION = 1.0;
				PRODUCT_BUNDLE_IDENTIFIER = PAIR.PAIRUITests;
				PRODUCT_NAME = "$(TARGET_NAME)";
				SDKROOT = auto;
				SUPPORTED_PLATFORMS = "iphoneos iphonesimulator macosx";
				SWIFT_EMIT_LOC_STRINGS = NO;
				SWIFT_VERSION = 5.0;
				TARGETED_DEVICE_FAMILY = "1,2";
				TEST_TARGET_NAME = PAIR;
			};
			name = Release;
		};
/* End XCBuildConfiguration section */

/* Begin XCConfigurationList section */
		654B5B412BC6E41300F585AD /* Build configuration list for PBXProject "PAIR" */ = {
			isa = XCConfigurationList;
			buildConfigurations = (
				654B5B692BC6E41400F585AD /* Debug */,
				654B5B6A2BC6E41400F585AD /* Release */,
			);
			defaultConfigurationIsVisible = 0;
			defaultConfigurationName = Release;
		};
		654B5B6B2BC6E41400F585AD /* Build configuration list for PBXNativeTarget "PAIR" */ = {
			isa = XCConfigurationList;
			buildConfigurations = (
				654B5B6C2BC6E41400F585AD /* Debug */,
				654B5B6D2BC6E41400F585AD /* Release */,
			);
			defaultConfigurationIsVisible = 0;
			defaultConfigurationName = Release;
		};
		654B5B6E2BC6E41400F585AD /* Build configuration list for PBXNativeTarget "PAIRTests" */ = {
			isa = XCConfigurationList;
			buildConfigurations = (
				654B5B6F2BC6E41400F585AD /* Debug */,
				654B5B702BC6E41400F585AD /* Release */,
			);
			defaultConfigurationIsVisible = 0;
			defaultConfigurationName = Release;
		};
		654B5B712BC6E41400F585AD /* Build configuration list for PBXNativeTarget "PAIRUITests" */ = {
			isa = XCConfigurationList;
			buildConfigurations = (
				654B5B722BC6E41400F585AD /* Debug */,
				654B5B732BC6E41400F585AD /* Release */,
			);
			defaultConfigurationIsVisible = 0;
			defaultConfigurationName = Release;
		};
/* End XCConfigurationList section */
	};
	rootObject = 654B5B3E2BC6E41300F585AD /* Project object */;
}
